
Microsoft Visual Studio Solution File, Format Version 12.00
# Visual Studio Version 16
VisualStudioVersion = 16.0.30709.132
MinimumVisualStudioVersion = 10.0.40219.1
Project("{FAE04EC0-301F-11D3-BF4B-00C04F79EFBC}") = "hesap makinesi", "hesap makinesi\hesap makinesi.csproj", "{38851552-917F-46A5-B5BD-920BB1A1399A}"
EndProject
Global
	GlobalSection(SolutionConfigurationPlatforms) = preSolution
		Debug|Any CPU = Debug|Any CPU
		Release|Any CPU = Release|Any CPU
	EndGlobalSection
	GlobalSection(ProjectConfigurationPlatforms) = postSolution
		{38851552-917F-46A5-B5BD-920BB1A1399A}.Debug|Any CPU.ActiveCfg = Debug|Any CPU
		{38851552-917F-46A5-B5BD-920BB1A1399A}.Debug|Any CPU.Build.0 = Debug|Any CPU
		{38851552-917F-46A5-B5BD-920BB1A1399A}.Release|Any CPU.ActiveCfg = Release|Any CPU
		{38851552-917F-46A5-B5BD-920BB1A1399A}.Release|Any CPU.Build.0 = Release|Any CPU
	EndGlobalSection
	GlobalSection(SolutionProperties) = preSolution
		HideSolutionNode = FALSE
	EndGlobalSection
	GlobalSection(ExtensibilityGlobals) = postSolution
		SolutionGuid = {7B872D74-A38C-4406-8C33-06578477DF45}
	EndGlobalSection
EndGlobal
